{
  "name": "devboy",
  "version": "1.0.0",
  "lockfileVersion": 1,
  "requires": true,
  "dependencies": {
    "abbrev": {
      "version": "1.1.0",
      "resolved": "http://nexus.komfo.net/nexus/repository/node-group/abbrev/-/abbrev-1.1.0.tgz",
      "integrity": "sha1-0FVMIlZjbi9W58LlrRg/hZQo2B8="
    },
    "agent-base": {
      "version": "2.1.1",
      "resolved": "http://nexus.komfo.net/nexus/repository/node-group/agent-base/-/agent-base-2.1.1.tgz",
      "integrity": "sha1-1t4Q1a9hMtW9aSQn1G/FOFOQlMc=",
      "requires": {
        "extend": "3.0.1",
        "semver": "5.0.3"
      }
    },
    "ansi-escapes": {
      "version": "2.0.0",
      "resolved": "http://nexus.komfo.net/nexus/repository/node-group/ansi-escapes/-/ansi-escapes-2.0.0.tgz",
      "integrity": "sha1-W65SvkJIeN2Xg+iRDj/Cki6DyBs="
    },
    "ansi-regex": {
      "version": "3.0.0",
      "resolved": "http://nexus.komfo.net/nexus/repository/node-group/ansi-regex/-/ansi-regex-3.0.0.tgz",
      "integrity": "sha1-7QMXwyIGT3lGbAKWa922Bas32Zg="
    },
    "ansi-styles": {
      "version": "3.2.0",
      "resolved": "http://nexus.komfo.net/nexus/repository/node-group/ansi-styles/-/ansi-styles-3.2.0.tgz",
      "integrity": "sha512-NnSOmMEYtVR2JVMIGTzynRkkaxtiq1xnFBcdQD/DnNCYPoEPsVJhM98BDyaoNOQIi7p4okdi3E27eN7GQbsUug==",
      "requires": {
        "color-convert": "1.9.0"
      }
    },
    "chalk": {
      "version": "2.0.1",
      "resolved": "http://nexus.komfo.net/nexus/repository/node-group/chalk/-/chalk-2.0.1.tgz",
      "integrity": "sha512-Mp+FXEI+FrwY/XYV45b2YD3E8i3HwnEAoFcM0qlZzq/RZ9RwWitt2Y/c7cqRAz70U7hfekqx6qNYthuKFO6K0g==",
      "requires": {
        "ansi-styles": "3.2.0",
        "escape-string-regexp": "1.0.5",
        "supports-color": "4.2.1"
      }
    },
    "clear": {
      "version": "0.0.1",
      "resolved": "http://nexus.komfo.net/nexus/repository/node-group/clear/-/clear-0.0.1.tgz",
      "integrity": "sha1-5RhuIp2ZRIF5wTAxG2+dML/2sLo="
    },
    "cli-color": {
      "version": "0.3.2",
      "resolved": "http://nexus.komfo.net/nexus/repository/node-group/cli-color/-/cli-color-0.3.2.tgz",
      "integrity": "sha1-dfpfcowwjMSsWUsF4GzF2A2szYY=",
      "requires": {
        "d": "0.1.1",
        "es5-ext": "0.10.24",
        "memoizee": "0.3.10",
        "timers-ext": "0.1.2"
      }
    },
    "cli-cursor": {
      "version": "2.1.0",
      "resolved": "http://nexus.komfo.net/nexus/repository/node-group/cli-cursor/-/cli-cursor-2.1.0.tgz",
      "integrity": "sha1-s12sN2R5+sw+lHR9QdDQ9SOP/LU=",
      "requires": {
        "restore-cursor": "2.0.0"
      }
    },
    "cli-width": {
      "version": "2.1.0",
      "resolved": "http://nexus.komfo.net/nexus/repository/node-group/cli-width/-/cli-width-2.1.0.tgz",
      "integrity": "sha1-sjTKIJsp72b8UY2bmNWEewDt8Ao="
    },
    "clui": {
      "version": "0.3.6",
      "resolved": "http://nexus.komfo.net/nexus/repository/node-group/clui/-/clui-0.3.6.tgz",
      "integrity": "sha512-Z4UbgZILlIAjkEkZiDOa2aoYjohKx7fa6DxIh6cE9A6WNWZ61iXfQc6CmdC9SKdS5nO0P0UyQ+WfoXfB65e3HQ==",
      "requires": {
        "cli-color": "0.3.2"
      }
    },
    "color-convert": {
      "version": "1.9.0",
      "resolved": "http://nexus.komfo.net/nexus/repository/node-group/color-convert/-/color-convert-1.9.0.tgz",
      "integrity": "sha1-Gsz5fdc5uYO/mU1W/sj5WFNkG3o=",
      "requires": {
        "color-name": "1.1.3"
      }
    },
    "color-name": {
      "version": "1.1.3",
      "resolved": "http://nexus.komfo.net/nexus/repository/node-group/color-name/-/color-name-1.1.3.tgz",
      "integrity": "sha1-p9BVi9icQveV3UIyj3QIMcpTvCU="
    },
    "commander": {
      "version": "2.11.0",
      "resolved": "http://nexus.komfo.net/nexus/repository/node-group/commander/-/commander-2.11.0.tgz",
      "integrity": "sha512-b0553uYA5YAEGgyYIGYROzKQ7X5RAqedkfjiZxwi0kL1g3bOaBNNZfYkzt/CL0umgD5wc9Jec2FbB98CjkMRvQ=="
    },
    "d": {
      "version": "0.1.1",
      "resolved": "http://nexus.komfo.net/nexus/repository/node-group/d/-/d-0.1.1.tgz",
      "integrity": "sha1-2hhMU10Y2O57oqoim5FACfrhEwk=",
      "requires": {
        "es5-ext": "0.10.24"
      }
    },
    "debug": {
      "version": "2.6.8",
      "resolved": "http://nexus.komfo.net/nexus/repository/node-group/debug/-/debug-2.6.8.tgz",
      "integrity": "sha1-5zFTHKLt4n0YgiJCfaF4IdaP9Pw=",
      "requires": {
        "ms": "2.0.0"
      }
    },
    "es5-ext": {
      "version": "0.10.24",
      "resolved": "http://nexus.komfo.net/nexus/repository/node-group/es5-ext/-/es5-ext-0.10.24.tgz",
      "integrity": "sha1-pVh3yZJLwMjZvTwsvhdJWsFwmxQ=",
      "requires": {
        "es6-iterator": "2.0.1",
        "es6-symbol": "3.1.1"
      }
    },
    "es6-iterator": {
      "version": "2.0.1",
      "resolved": "http://nexus.komfo.net/nexus/repository/node-group/es6-iterator/-/es6-iterator-2.0.1.tgz",
      "integrity": "sha1-jjGcnwRTv1ddN0lAplWSDlnKVRI=",
      "requires": {
        "d": "1.0.0",
        "es5-ext": "0.10.24",
        "es6-symbol": "3.1.1"
      },
      "dependencies": {
        "d": {
          "version": "1.0.0",
          "resolved": "http://nexus.komfo.net/nexus/repository/node-group/d/-/d-1.0.0.tgz",
          "integrity": "sha1-dUu1v+VUUdpppYuU1F9MWwRi1Y8=",
          "requires": {
            "es5-ext": "0.10.24"
          }
        }
      }
    },
    "es6-symbol": {
      "version": "3.1.1",
      "resolved": "http://nexus.komfo.net/nexus/repository/node-group/es6-symbol/-/es6-symbol-3.1.1.tgz",
      "integrity": "sha1-vwDvT9q2uhtG7Le2KbTH7VcVzHc=",
      "requires": {
        "d": "1.0.0",
        "es5-ext": "0.10.24"
      },
      "dependencies": {
        "d": {
          "version": "1.0.0",
          "resolved": "http://nexus.komfo.net/nexus/repository/node-group/d/-/d-1.0.0.tgz",
          "integrity": "sha1-dUu1v+VUUdpppYuU1F9MWwRi1Y8=",
          "requires": {
            "es5-ext": "0.10.24"
          }
        }
      }
    },
    "es6-weak-map": {
      "version": "0.1.4",
      "resolved": "http://nexus.komfo.net/nexus/repository/node-group/es6-weak-map/-/es6-weak-map-0.1.4.tgz",
      "integrity": "sha1-cGzvnpmqI2undmwjnIueKG6n0ig=",
      "requires": {
        "d": "0.1.1",
        "es5-ext": "0.10.24",
        "es6-iterator": "0.1.3",
        "es6-symbol": "2.0.1"
      },
      "dependencies": {
        "es6-iterator": {
          "version": "0.1.3",
          "resolved": "http://nexus.komfo.net/nexus/repository/node-group/es6-iterator/-/es6-iterator-0.1.3.tgz",
          "integrity": "sha1-1vWLjE/EE8JJtLqhl2j45NfIlE4=",
          "requires": {
            "d": "0.1.1",
            "es5-ext": "0.10.24",
            "es6-symbol": "2.0.1"
          }
        },
        "es6-symbol": {
          "version": "2.0.1",
          "resolved": "http://nexus.komfo.net/nexus/repository/node-group/es6-symbol/-/es6-symbol-2.0.1.tgz",
          "integrity": "sha1-dhtcZ8/U8dGK+yNPaR1nhoLLO/M=",
          "requires": {
            "d": "0.1.1",
            "es5-ext": "0.10.24"
          }
        }
      }
    },
    "escape-string-regexp": {
      "version": "1.0.5",
      "resolved": "http://nexus.komfo.net/nexus/repository/node-group/escape-string-regexp/-/escape-string-regexp-1.0.5.tgz",
      "integrity": "sha1-G2HAViGQqN/2rjuyzwIAyhMLhtQ="
    },
    "event-emitter": {
      "version": "0.3.5",
      "resolved": "http://nexus.komfo.net/nexus/repository/node-group/event-emitter/-/event-emitter-0.3.5.tgz",
      "integrity": "sha1-34xp7vFkeSPHFXuc6DhAYQsCzDk=",
      "requires": {
        "d": "1.0.0",
        "es5-ext": "0.10.24"
      },
      "dependencies": {
        "d": {
          "version": "1.0.0",
          "resolved": "http://nexus.komfo.net/nexus/repository/node-group/d/-/d-1.0.0.tgz",
          "integrity": "sha1-dUu1v+VUUdpppYuU1F9MWwRi1Y8=",
          "requires": {
            "es5-ext": "0.10.24"
          }
        }
      }
    },
    "extend": {
      "version": "3.0.1",
      "resolved": "http://nexus.komfo.net/nexus/repository/node-group/extend/-/extend-3.0.1.tgz",
      "integrity": "sha1-p1Xqe8Gt/MWjHOfnYtuq3F5jZEQ="
    },
    "external-editor": {
      "version": "2.0.4",
      "resolved": "http://nexus.komfo.net/nexus/repository/node-group/external-editor/-/external-editor-2.0.4.tgz",
      "integrity": "sha1-HtkZnanL/i7y96MbL96LDRI2iXI=",
      "requires": {
        "iconv-lite": "0.4.18",
        "jschardet": "1.5.0",
        "tmp": "0.0.31"
      }
    },
    "figlet": {
      "version": "1.2.0",
      "resolved": "http://nexus.komfo.net/nexus/repository/node-group/figlet/-/figlet-1.2.0.tgz",
      "integrity": "sha1-bEZTc3j6tkkUa1phQ92gGbQwtBA="
    },
    "figures": {
      "version": "2.0.0",
      "resolved": "http://nexus.komfo.net/nexus/repository/node-group/figures/-/figures-2.0.0.tgz",
      "integrity": "sha1-OrGi0qYsi/tDGgyUy3l6L84nyWI=",
      "requires": {
        "escape-string-regexp": "1.0.5"
      }
    },
    "follow-redirects": {
      "version": "0.0.7",
      "resolved": "http://nexus.komfo.net/nexus/repository/node-group/follow-redirects/-/follow-redirects-0.0.7.tgz",
      "integrity": "sha1-NLkLqyqRGqNHVx2pDyK9NuzYqRk=",
      "requires": {
        "debug": "2.6.8",
        "stream-consume": "0.1.0"
      }
    },
    "github": {
      "version": "9.2.0",
      "resolved": "http://nexus.komfo.net/nexus/repository/node-group/github/-/github-9.2.0.tgz",
      "integrity": "sha1-iohtxA3WNjZwfcr5nfPfJsWfFvw=",
      "requires": {
        "follow-redirects": "0.0.7",
        "https-proxy-agent": "1.0.0",
        "mime": "1.3.6",
        "netrc": "0.1.4"
      }
    },
    "graceful-fs": {
      "version": "4.1.11",
      "resolved": "http://nexus.komfo.net/nexus/repository/node-group/graceful-fs/-/graceful-fs-4.1.11.tgz",
      "integrity": "sha1-Dovf5NHduIVNZOBOp8AOKgJuVlg="
    },
    "has-flag": {
      "version": "2.0.0",
      "resolved": "http://nexus.komfo.net/nexus/repository/node-group/has-flag/-/has-flag-2.0.0.tgz",
      "integrity": "sha1-6CB68cx7MNRGzHC3NLXovhj4jVE="
    },
    "https-proxy-agent": {
      "version": "1.0.0",
      "resolved": "http://nexus.komfo.net/nexus/repository/node-group/https-proxy-agent/-/https-proxy-agent-1.0.0.tgz",
      "integrity": "sha1-NffabEjOTdv6JkiRrFk+5f+GceY=",
      "requires": {
        "agent-base": "2.1.1",
        "debug": "2.6.8",
        "extend": "3.0.1"
      }
    },
    "iconv-lite": {
      "version": "0.4.18",
      "resolved": "http://nexus.komfo.net/nexus/repository/node-group/iconv-lite/-/iconv-lite-0.4.18.tgz",
      "integrity": "sha512-sr1ZQph3UwHTR0XftSbK85OvBbxe/abLGzEnPENCQwmHf7sck8Oyu4ob3LgBxWWxRoM+QszeUyl7jbqapu2TqA=="
    },
    "imurmurhash": {
      "version": "0.1.4",
      "resolved": "http://nexus.komfo.net/nexus/repository/node-group/imurmurhash/-/imurmurhash-0.1.4.tgz",
      "integrity": "sha1-khi5srkoojixPcT7a21XbyMUU+o="
    },
    "inquirer": {
      "version": "3.2.1",
      "resolved": "http://nexus.komfo.net/nexus/repository/node-group/inquirer/-/inquirer-3.2.1.tgz",
      "integrity": "sha512-QgW3eiPN8gpj/K5vVpHADJJgrrF0ho/dZGylikGX7iqAdRgC9FVKYKWFLx6hZDBFcOLEoSqINYrVPeFAeG/PdA==",
      "requires": {
        "ansi-escapes": "2.0.0",
        "chalk": "2.0.1",
        "cli-cursor": "2.1.0",
        "cli-width": "2.1.0",
        "external-editor": "2.0.4",
        "figures": "2.0.0",
        "lodash": "4.17.4",
        "mute-stream": "0.0.7",
        "run-async": "2.3.0",
        "rx-lite": "4.0.8",
        "rx-lite-aggregates": "4.0.8",
        "string-width": "2.1.1",
        "strip-ansi": "4.0.0",
        "through": "2.3.8"
      }
    },
    "is-fullwidth-code-point": {
      "version": "2.0.0",
      "resolved": "http://nexus.komfo.net/nexus/repository/node-group/is-fullwidth-code-point/-/is-fullwidth-code-point-2.0.0.tgz",
      "integrity": "sha1-o7MKXE8ZkYMWeqq5O+764937ZU8="
    },
    "is-promise": {
      "version": "2.1.0",
      "resolved": "http://nexus.komfo.net/nexus/repository/node-group/is-promise/-/is-promise-2.1.0.tgz",
      "integrity": "sha1-eaKp7OfwlugPNtKy87wWwf9L8/o="
    },
    "jschardet": {
      "version": "1.5.0",
      "resolved": "http://nexus.komfo.net/nexus/repository/node-group/jschardet/-/jschardet-1.5.0.tgz",
      "integrity": "sha512-+Q8JsoEQbrdE+a/gg1F9XO92gcKXgpE5UACqr0sIubjDmBEkd+OOWPGzQeMrWSLxd73r4dHxBeRW7edHu5LmJQ=="
    },
    "lodash": {
      "version": "4.17.4",
      "resolved": "http://nexus.komfo.net/nexus/repository/node-group/lodash/-/lodash-4.17.4.tgz",
      "integrity": "sha1-eCA6TRwyiuHYbcpkYONptX9AVa4="
    },
    "lru-queue": {
      "version": "0.1.0",
      "resolved": "http://nexus.komfo.net/nexus/repository/node-group/lru-queue/-/lru-queue-0.1.0.tgz",
      "integrity": "sha1-Jzi9nw089PhEkMVzbEhpmsYyzaM=",
      "requires": {
        "es5-ext": "0.10.24"
      }
    },
    "memoizee": {
      "version": "0.3.10",
      "resolved": "http://nexus.komfo.net/nexus/repository/node-group/memoizee/-/memoizee-0.3.10.tgz",
      "integrity": "sha1-TsoNiu057J0Bf0xcLy9kMvQuXI8=",
      "requires": {
        "d": "0.1.1",
        "es5-ext": "0.10.24",
        "es6-weak-map": "0.1.4",
        "event-emitter": "0.3.5",
        "lru-queue": "0.1.0",
        "next-tick": "0.2.2",
        "timers-ext": "0.1.2"
      }
    },
    "mime": {
      "version": "1.3.6",
      "resolved": "http://nexus.komfo.net/nexus/repository/node-group/mime/-/mime-1.3.6.tgz",
      "integrity": "sha1-WR2E02U6awtKO5343lqoEI5y5eA="
    },
    "mimic-fn": {
      "version": "1.1.0",
      "resolved": "http://nexus.komfo.net/nexus/repository/node-group/mimic-fn/-/mimic-fn-1.1.0.tgz",
      "integrity": "sha1-5md4PZLonb00KBi1IwudYqZyrRg="
    },
    "minimist": {
      "version": "1.2.0",
      "resolved": "http://nexus.komfo.net/nexus/repository/node-group/minimist/-/minimist-1.2.0.tgz",
      "integrity": "sha1-o1AIsg9BOD7sH7kU9M1d95omQoQ="
    },
    "mkdirp": {
      "version": "0.5.1",
      "resolved": "http://nexus.komfo.net/nexus/repository/node-group/mkdirp/-/mkdirp-0.5.1.tgz",
      "integrity": "sha1-MAV0OOrGz3+MR2fzhkjWaX11yQM=",
      "requires": {
        "minimist": "0.0.8"
      },
      "dependencies": {
        "minimist": {
          "version": "0.0.8",
          "resolved": "http://nexus.komfo.net/nexus/repository/node-group/minimist/-/minimist-0.0.8.tgz",
          "integrity": "sha1-hX/Kv8M5fSYluCKCYuhqp6ARsF0="
        }
      }
    },
    "ms": {
      "version": "2.0.0",
      "resolved": "http://nexus.komfo.net/nexus/repository/node-group/ms/-/ms-2.0.0.tgz",
      "integrity": "sha1-VgiurfwAvmwpAd9fmGF4jeDVl8g="
    },
    "mute-stream": {
      "version": "0.0.7",
      "resolved": "http://nexus.komfo.net/nexus/repository/node-group/mute-stream/-/mute-stream-0.0.7.tgz",
      "integrity": "sha1-MHXOk7whuPq0PhvE2n6BFe0ee6s="
    },
    "netrc": {
      "version": "0.1.4",
      "resolved": "http://nexus.komfo.net/nexus/repository/node-group/netrc/-/netrc-0.1.4.tgz",
      "integrity": "sha1-a+lPysqNd63gqWcNxGCRTJRHJEQ="
    },
    "next-tick": {
      "version": "0.2.2",
      "resolved": "http://nexus.komfo.net/nexus/repository/node-group/next-tick/-/next-tick-0.2.2.tgz",
      "integrity": "sha1-ddpKkn7liH45BliABltzNkE7MQ0="
    },
    "nopt": {
      "version": "1.0.10",
      "resolved": "http://nexus.komfo.net/nexus/repository/node-group/nopt/-/nopt-1.0.10.tgz",
      "integrity": "sha1-bd0hvSoxQXuScn3Vhfim83YI6+4=",
      "requires": {
        "abbrev": "1.1.0"
      }
    },
    "onetime": {
      "version": "2.0.1",
      "resolved": "http://nexus.komfo.net/nexus/repository/node-group/onetime/-/onetime-2.0.1.tgz",
      "integrity": "sha1-BnQoIw/WdEOyeUsiu6UotoZ5YtQ=",
      "requires": {
        "mimic-fn": "1.1.0"
      }
    },
    "os-homedir": {
      "version": "1.0.2",
      "resolved": "http://nexus.komfo.net/nexus/repository/node-group/os-homedir/-/os-homedir-1.0.2.tgz",
      "integrity": "sha1-/7xJiDNuDoM94MFox+8VISGqf7M="
    },
    "os-tmpdir": {
      "version": "1.0.2",
      "resolved": "http://nexus.komfo.net/nexus/repository/node-group/os-tmpdir/-/os-tmpdir-1.0.2.tgz",
      "integrity": "sha1-u+Z0BseaqFxc/sdm/lc0VV36EnQ="
    },
    "preferences": {
      "version": "0.2.1",
      "resolved": "http://nexus.komfo.net/nexus/repository/node-group/preferences/-/preferences-0.2.1.tgz",
      "integrity": "sha1-nMVgdb639GGlsJFAn3ZQUEXUlKo=",
      "requires": {
        "graceful-fs": "4.1.11",
        "mkdirp": "0.5.1",
        "os-homedir": "1.0.2",
        "write-file-atomic": "1.3.4"
      }
    },
    "restore-cursor": {
      "version": "2.0.0",
      "resolved": "http://nexus.komfo.net/nexus/repository/node-group/restore-cursor/-/restore-cursor-2.0.0.tgz",
      "integrity": "sha1-n37ih/gv0ybU/RYpI9YhKe7g368=",
      "requires": {
        "onetime": "2.0.1",
        "signal-exit": "3.0.2"
      }
    },
    "run-async": {
      "version": "2.3.0",
      "resolved": "http://nexus.komfo.net/nexus/repository/node-group/run-async/-/run-async-2.3.0.tgz",
      "integrity": "sha1-A3GrSuC91yDUFm19/aZP96RFpsA=",
      "requires": {
        "is-promise": "2.1.0"
      }
    },
    "rx-lite": {
      "version": "4.0.8",
      "resolved": "http://nexus.komfo.net/nexus/repository/node-group/rx-lite/-/rx-lite-4.0.8.tgz",
      "integrity": "sha1-Cx4Rr4vESDbwSmQH6S2kJGe3lEQ="
    },
    "rx-lite-aggregates": {
      "version": "4.0.8",
      "resolved": "http://nexus.komfo.net/nexus/repository/node-group/rx-lite-aggregates/-/rx-lite-aggregates-4.0.8.tgz",
      "integrity": "sha1-dTuHqJoRyVRnxKwWJsTvxOBcZ74=",
      "requires": {
        "rx-lite": "4.0.8"
      }
    },
    "semver": {
      "version": "5.0.3",
      "resolved": "http://nexus.komfo.net/nexus/repository/node-group/semver/-/semver-5.0.3.tgz",
      "integrity": "sha1-d0Zt5YnNXTyV8TiqeLxWmjy10no="
    },
    "signal-exit": {
      "version": "3.0.2",
      "resolved": "http://nexus.komfo.net/nexus/repository/node-group/signal-exit/-/signal-exit-3.0.2.tgz",
      "integrity": "sha1-tf3AjxKH6hF4Yo5BXiUTK3NkbG0="
    },
    "simple-git": {
      "version": "1.75.0",
      "resolved": "http://nexus.komfo.net/nexus/repository/node-group/simple-git/-/simple-git-1.75.0.tgz",
      "integrity": "sha1-6t3JARi0Ch3KODfVHFCsBk7h0og=",
      "requires": {
        "debug": "2.6.8"
      }
    },
    "slide": {
      "version": "1.1.6",
      "resolved": "http://nexus.komfo.net/nexus/repository/node-group/slide/-/slide-1.1.6.tgz",
      "integrity": "sha1-VusCfWW00tzmyy4tMsTUr8nh1wc="
    },
    "stream-consume": {
      "version": "0.1.0",
      "resolved": "http://nexus.komfo.net/nexus/repository/node-group/stream-consume/-/stream-consume-0.1.0.tgz",
      "integrity": "sha1-pB6tGm1ggc63n2WwYZAbbY89HQ8="
    },
    "string-width": {
      "version": "2.1.1",
      "resolved": "http://nexus.komfo.net/nexus/repository/node-group/string-width/-/string-width-2.1.1.tgz",
      "integrity": "sha512-nOqH59deCq9SRHlxq1Aw85Jnt4w6KvLKqWVik6oA9ZklXLNIOlqg4F2yrT1MVaTjAqvVwdfeZ7w7aCvJD7ugkw==",
      "requires": {
        "is-fullwidth-code-point": "2.0.0",
        "strip-ansi": "4.0.0"
      }
    },
    "strip-ansi": {
      "version": "4.0.0",
      "resolved": "http://nexus.komfo.net/nexus/repository/node-group/strip-ansi/-/strip-ansi-4.0.0.tgz",
      "integrity": "sha1-qEeQIusaw2iocTibY1JixQXuNo8=",
      "requires": {
        "ansi-regex": "3.0.0"
      }
    },
    "supports-color": {
      "version": "4.2.1",
      "resolved": "http://nexus.komfo.net/nexus/repository/node-group/supports-color/-/supports-color-4.2.1.tgz",
      "integrity": "sha512-qxzYsob3yv6U+xMzPrv170y8AwGP7i74g+pbixCfD6rgso8BscLT2qXIuz6TpOaiJZ3mFgT5O9lyT9nMU4LfaA==",
      "requires": {
        "has-flag": "2.0.0"
      }
    },
    "through": {
      "version": "2.3.8",
      "resolved": "http://nexus.komfo.net/nexus/repository/node-group/through/-/through-2.3.8.tgz",
      "integrity": "sha1-DdTJ/6q8NXlgsbckEV1+Doai4fU="
    },
    "timers-ext": {
      "version": "0.1.2",
      "resolved": "http://nexus.komfo.net/nexus/repository/node-group/timers-ext/-/timers-ext-0.1.2.tgz",
      "integrity": "sha1-YcxHp2wavTGV8UUn+XjViulMUgQ=",
      "requires": {
        "es5-ext": "0.10.24",
        "next-tick": "1.0.0"
      },
      "dependencies": {
        "next-tick": {
          "version": "1.0.0",
          "resolved": "http://nexus.komfo.net/nexus/repository/node-group/next-tick/-/next-tick-1.0.0.tgz",
          "integrity": "sha1-yobR/ogoFpsBICCOPchCS524NCw="
        }
      }
    },
    "tmp": {
      "version": "0.0.31",
      "resolved": "http://nexus.komfo.net/nexus/repository/node-group/tmp/-/tmp-0.0.31.tgz",
      "integrity": "sha1-jzirlDjhcxXl29izZX6L+yd65Kc=",
      "requires": {
        "os-tmpdir": "1.0.2"
      }
    },
    "touch": {
      "version": "3.1.0",
      "resolved": "http://nexus.komfo.net/nexus/repository/node-group/touch/-/touch-3.1.0.tgz",
      "integrity": "sha512-WBx8Uy5TLtOSRtIq+M03/sKDrXCLHxwDcquSP2c43Le03/9serjQBIztjRz6FkJez9D/hleyAXTBGLwwZUw9lA==",
      "requires": {
        "nopt": "1.0.10"
      }
    },
    "write-file-atomic": {
      "version": "1.3.4",
      "resolved": "http://nexus.komfo.net/nexus/repository/node-group/write-file-atomic/-/write-file-atomic-1.3.4.tgz",
      "integrity": "sha1-+Aek8LHZ6ROuekgRLmzDrxmRtF8=",
      "requires": {
        "graceful-fs": "4.1.11",
        "imurmurhash": "0.1.4",
        "slide": "1.1.6"
      }
    }
  }
}
